
Microsoft Visual Studio Solution File, Format Version 12.00
# Visual Studio Version 17
VisualStudioVersion = 17.4.33213.308
MinimumVisualStudioVersion = 10.0.40219.1
Project("{FAE04EC0-301F-11D3-BF4B-00C04F79EFBC}") = "Film_Arsivim", "Film_Arsivim\Film_Arsivim.csproj", "{5ED345A2-6F8B-4775-B1F9-73B7AADE262A}"
EndProject
Global
	GlobalSection(SolutionConfigurationPlatforms) = preSolution
		Debug|Any CPU = Debug|Any CPU
		Release|Any CPU = Release|Any CPU
	EndGlobalSection
	GlobalSection(ProjectConfigurationPlatforms) = postSolution
		{5ED345A2-6F8B-4775-B1F9-73B7AADE262A}.Debug|Any CPU.ActiveCfg = Debug|Any CPU
		{5ED345A2-6F8B-4775-B1F9-73B7AADE262A}.Debug|Any CPU.Build.0 = Debug|Any CPU
		{5ED345A2-6F8B-4775-B1F9-73B7AADE262A}.Release|Any CPU.ActiveCfg = Release|Any CPU
		{5ED345A2-6F8B-4775-B1F9-73B7AADE262A}.Release|Any CPU.Build.0 = Release|Any CPU
	EndGlobalSection
	GlobalSection(SolutionProperties) = preSolution
		HideSolutionNode = FALSE
	EndGlobalSection
	GlobalSection(ExtensibilityGlobals) = postSolution
		SolutionGuid = {C97BF07E-DE68-4A4C-AF29-EFE8199925D2}
	EndGlobalSection
EndGlobal
